
Microsoft Visual Studio Solution File, Format Version 12.00
# Visual Studio Version 17
VisualStudioVersion = 17.3.32922.545
MinimumVisualStudioVersion = 10.0.40219.1
Project("{8BC9CEB8-8B4A-11D0-8D11-00A0C91BC942}") = "Task1", "Task1\Task1.vcxproj", "{A7E8275B-72D5-4895-9C4E-93C9A699D1E3}"
EndProject
Project("{8BC9CEB8-8B4A-11D0-8D11-00A0C91BC942}") = "Task2", "Task2\Task2.vcxproj", "{06995E41-C85F-4011-A98A-4D9F817344C3}"
EndProject
Project("{8BC9CEB8-8B4A-11D0-8D11-00A0C91BC942}") = "Task3", "Task3\Task3.vcxproj", "{D7A01BB6-A47E-421B-B273-EFAB8F8F47A9}"
EndProject
Project("{8BC9CEB8-8B4A-11D0-8D11-00A0C91BC942}") = "Task4", "Task4\Task4.vcxproj", "{6A96F052-C14B-48A5-A1FC-CBF3B4D54BD9}"
EndProject
Project("{8BC9CEB8-8B4A-11D0-8D11-00A0C91BC942}") = "Task5", "Task5\Task5.vcxproj", "{A88CDF1D-18C5-4987-9288-01C2E1B3D15F}"
EndProject
Project("{8BC9CEB8-8B4A-11D0-8D11-00A0C91BC942}") = "Task6", "Task6\Task6.vcxproj", "{B1E4611E-BF58-4515-86BF-CC40EDEC43E3}"
EndProject
Project("{8BC9CEB8-8B4A-11D0-8D11-00A0C91BC942}") = "Task7", "Task7\Task7.vcxproj", "{7DC35214-AAAF-48D8-A118-9B718997B574}"
EndProject
Project("{8BC9CEB8-8B4A-11D0-8D11-00A0C91BC942}") = "Task8", "Task8\Task8.vcxproj", "{3A50A536-E297-4EBC-8958-02581D5C70A2}"
EndProject
Project("{8BC9CEB8-8B4A-11D0-8D11-00A0C91BC942}") = "Task9", "Task9\Task9.vcxproj", "{58C8926D-87C3-4540-A5CB-FEF060D3D173}"
EndProject
Project("{8BC9CEB8-8B4A-11D0-8D11-00A0C91BC942}") = "Task10", "Task10\Task10.vcxproj", "{7CF8CF6C-A0CB-421B-BBFE-2791ACD29DE0}"
EndProject
Global
	GlobalSection(SolutionConfigurationPlatforms) = preSolution
		Debug|x64 = Debug|x64
		Debug|x86 = Debug|x86
		Release|x64 = Release|x64
		Release|x86 = Release|x86
	EndGlobalSection
	GlobalSection(ProjectConfigurationPlatforms) = postSolution
		{A7E8275B-72D5-4895-9C4E-93C9A699D1E3}.Debug|x64.ActiveCfg = Debug|x64
		{A7E8275B-72D5-4895-9C4E-93C9A699D1E3}.Debug|x64.Build.0 = Debug|x64
		{A7E8275B-72D5-4895-9C4E-93C9A699D1E3}.Debug|x86.ActiveCfg = Debug|Win32
		{A7E8275B-72D5-4895-9C4E-93C9A699D1E3}.Debug|x86.Build.0 = Debug|Win32
		{A7E8275B-72D5-4895-9C4E-93C9A699D1E3}.Release|x64.ActiveCfg = Release|x64
		{A7E8275B-72D5-4895-9C4E-93C9A699D1E3}.Release|x64.Build.0 = Release|x64
		{A7E8275B-72D5-4895-9C4E-93C9A699D1E3}.Release|x86.ActiveCfg = Release|Win32
		{A7E8275B-72D5-4895-9C4E-93C9A699D1E3}.Release|x86.Build.0 = Release|Win32
		{06995E41-C85F-4011-A98A-4D9F817344C3}.Debug|x64.ActiveCfg = Debug|x64
		{06995E41-C85F-4011-A98A-4D9F817344C3}.Debug|x64.Build.0 = Debug|x64
		{06995E41-C85F-4011-A98A-4D9F817344C3}.Debug|x86.ActiveCfg = Debug|Win32
		{06995E41-C85F-4011-A98A-4D9F817344C3}.Debug|x86.Build.0 = Debug|Win32
		{06995E41-C85F-4011-A98A-4D9F817344C3}.Release|x64.ActiveCfg = Release|x64
		{06995E41-C85F-4011-A98A-4D9F817344C3}.Release|x64.Build.0 = Release|x64
		{06995E41-C85F-4011-A98A-4D9F817344C3}.Release|x86.ActiveCfg = Release|Win32
		{06995E41-C85F-4011-A98A-4D9F817344C3}.Release|x86.Build.0 = Release|Win32
		{D7A01BB6-A47E-421B-B273-EFAB8F8F47A9}.Debug|x64.ActiveCfg = Debug|x64
		{D7A01BB6-A47E-421B-B273-EFAB8F8F47A9}.Debug|x64.Build.0 = Debug|x64
		{D7A01BB6-A47E-421B-B273-EFAB8F8F47A9}.Debug|x86.ActiveCfg = Debug|Win32
		{D7A01BB6-A47E-421B-B273-EFAB8F8F47A9}.Debug|x86.Build.0 = Debug|Win32
		{D7A01BB6-A47E-421B-B273-EFAB8F8F47A9}.Release|x64.ActiveCfg = Release|x64
		{D7A01BB6-A47E-421B-B273-EFAB8F8F47A9}.Release|x64.Build.0 = Release|x64
		{D7A01BB6-A47E-421B-B273-EFAB8F8F47A9}.Release|x86.ActiveCfg = Release|Win32
		{D7A01BB6-A47E-421B-B273-EFAB8F8F47A9}.Release|x86.Build.0 = Release|Win32
		{6A96F052-C14B-48A5-A1FC-CBF3B4D54BD9}.Debug|x64.ActiveCfg = Debug|x64
		{6A96F052-C14B-48A5-A1FC-CBF3B4D54BD9}.Debug|x64.Build.0 = Debug|x64
		{6A96F052-C14B-48A5-A1FC-CBF3B4D54BD9}.Debug|x86.ActiveCfg = Debug|Win32
		{6A96F052-C14B-48A5-A1FC-CBF3B4D54BD9}.Debug|x86.Build.0 = Debug|Win32
		{6A96F052-C14B-48A5-A1FC-CBF3B4D54BD9}.Release|x64.ActiveCfg = Release|x64
		{6A96F052-C14B-48A5-A1FC-CBF3B4D54BD9}.Release|x64.Build.0 = Release|x64
		{6A96F052-C14B-48A5-A1FC-CBF3B4D54BD9}.Release|x86.ActiveCfg = Release|Win32
		{6A96F052-C14B-48A5-A1FC-CBF3B4D54BD9}.Release|x86.Build.0 = Release|Win32
		{A88CDF1D-18C5-4987-9288-01C2E1B3D15F}.Debug|x64.ActiveCfg = Debug|x64
		{A88CDF1D-18C5-4987-9288-01C2E1B3D15F}.Debug|x64.Build.0 = Debug|x64
		{A88CDF1D-18C5-4987-9288-01C2E1B3D15F}.Debug|x86.ActiveCfg = Debug|Win32
		{A88CDF1D-18C5-4987-9288-01C2E1B3D15F}.Debug|x86.Build.0 = Debug|Win32
		{A88CDF1D-18C5-4987-9288-01C2E1B3D15F}.Release|x64.ActiveCfg = Release|x64
		{A88CDF1D-18C5-4987-9288-01C2E1B3D15F}.Release|x64.Build.0 = Release|x64
		{A88CDF1D-18C5-4987-9288-01C2E1B3D15F}.Release|x86.ActiveCfg = Release|Win32
		{A88CDF1D-18C5-4987-9288-01C2E1B3D15F}.Release|x86.Build.0 = Release|Win32
		{B1E4611E-BF58-4515-86BF-CC40EDEC43E3}.Debug|x64.ActiveCfg = Debug|x64
		{B1E4611E-BF58-4515-86BF-CC40EDEC43E3}.Debug|x64.Build.0 = Debug|x64
		{B1E4611E-BF58-4515-86BF-CC40EDEC43E3}.Debug|x86.ActiveCfg = Debug|Win32
		{B1E4611E-BF58-4515-86BF-CC40EDEC43E3}.Debug|x86.Build.0 = Debug|Win32
		{B1E4611E-BF58-4515-86BF-CC40EDEC43E3}.Release|x64.ActiveCfg = Release|x64
		{B1E4611E-BF58-4515-86BF-CC40EDEC43E3}.Release|x64.Build.0 = Release|x64
		{B1E4611E-BF58-4515-86BF-CC40EDEC43E3}.Release|x86.ActiveCfg = Release|Win32
		{B1E4611E-BF58-4515-86BF-CC40EDEC43E3}.Release|x86.Build.0 = Release|Win32
		{7DC35214-AAAF-48D8-A118-9B718997B574}.Debug|x64.ActiveCfg = Debug|x64
		{7DC35214-AAAF-48D8-A118-9B718997B574}.Debug|x64.Build.0 = Debug|x64
		{7DC35214-AAAF-48D8-A118-9B718997B574}.Debug|x86.ActiveCfg = Debug|Win32
		{7DC35214-AAAF-48D8-A118-9B718997B574}.Debug|x86.Build.0 = Debug|Win32
		{7DC35214-AAAF-48D8-A118-9B718997B574}.Release|x64.ActiveCfg = Release|x64
		{7DC35214-AAAF-48D8-A118-9B718997B574}.Release|x64.Build.0 = Release|x64
		{7DC35214-AAAF-48D8-A118-9B718997B574}.Release|x86.ActiveCfg = Release|Win32
		{7DC35214-AAAF-48D8-A118-9B718997B574}.Release|x86.Build.0 = Release|Win32
		{3A50A536-E297-4EBC-8958-02581D5C70A2}.Debug|x64.ActiveCfg = Debug|x64
		{3A50A536-E297-4EBC-8958-02581D5C70A2}.Debug|x64.Build.0 = Debug|x64
		{3A50A536-E297-4EBC-8958-02581D5C70A2}.Debug|x86.ActiveCfg = Debug|Win32
		{3A50A536-E297-4EBC-8958-02581D5C70A2}.Debug|x86.Build.0 = Debug|Win32
		{3A50A536-E297-4EBC-8958-02581D5C70A2}.Release|x64.ActiveCfg = Release|x64
		{3A50A536-E297-4EBC-8958-02581D5C70A2}.Release|x64.Build.0 = Release|x64
		{3A50A536-E297-4EBC-8958-02581D5C70A2}.Release|x86.ActiveCfg = Release|Win32
		{3A50A536-E297-4EBC-8958-02581D5C70A2}.Release|x86.Build.0 = Release|Win32
		{58C8926D-87C3-4540-A5CB-FEF060D3D173}.Debug|x64.ActiveCfg = Debug|x64
		{58C8926D-87C3-4540-A5CB-FEF060D3D173}.Debug|x64.Build.0 = Debug|x64
		{58C8926D-87C3-4540-A5CB-FEF060D3D173}.Debug|x86.ActiveCfg = Debug|Win32
		{58C8926D-87C3-4540-A5CB-FEF060D3D173}.Debug|x86.Build.0 = Debug|Win32
		{58C8926D-87C3-4540-A5CB-FEF060D3D173}.Release|x64.ActiveCfg = Release|x64
		{58C8926D-87C3-4540-A5CB-FEF060D3D173}.Release|x64.Build.0 = Release|x64
		{58C8926D-87C3-4540-A5CB-FEF060D3D173}.Release|x86.ActiveCfg = Release|Win32
		{58C8926D-87C3-4540-A5CB-FEF060D3D173}.Release|x86.Build.0 = Release|Win32
		{7CF8CF6C-A0CB-421B-BBFE-2791ACD29DE0}.Debug|x64.ActiveCfg = Debug|x64
		{7CF8CF6C-A0CB-421B-BBFE-2791ACD29DE0}.Debug|x64.Build.0 = Debug|x64
		{7CF8CF6C-A0CB-421B-BBFE-2791ACD29DE0}.Debug|x86.ActiveCfg = Debug|Win32
		{7CF8CF6C-A0CB-421B-BBFE-2791ACD29DE0}.Debug|x86.Build.0 = Debug|Win32
		{7CF8CF6C-A0CB-421B-BBFE-2791ACD29DE0}.Release|x64.ActiveCfg = Release|x64
		{7CF8CF6C-A0CB-421B-BBFE-2791ACD29DE0}.Release|x64.Build.0 = Release|x64
		{7CF8CF6C-A0CB-421B-BBFE-2791ACD29DE0}.Release|x86.ActiveCfg = Release|Win32
		{7CF8CF6C-A0CB-421B-BBFE-2791ACD29DE0}.Release|x86.Build.0 = Release|Win32
	EndGlobalSection
	GlobalSection(SolutionProperties) = preSolution
		HideSolutionNode = FALSE
	EndGlobalSection
	GlobalSection(ExtensibilityGlobals) = postSolution
		SolutionGuid = {67AE387B-1B33-4408-BB49-1724157219DD}
	EndGlobalSection
EndGlobal
