
Microsoft Visual Studio Solution File, Format Version 12.00
# Visual Studio Version 17
VisualStudioVersion = 17.3.32922.545
MinimumVisualStudioVersion = 10.0.40219.1
Project("{8BC9CEB8-8B4A-11D0-8D11-00A0C91BC942}") = "2023.05.17-Classwork", "2023.05.17-Classwork\2023.05.17-Classwork.vcxproj", "{7594C3C1-D83E-405C-9CEA-8B4566D7D445}"
EndProject
Global
	GlobalSection(SolutionConfigurationPlatforms) = preSolution
		Debug|x64 = Debug|x64
		Debug|x86 = Debug|x86
		Release|x64 = Release|x64
		Release|x86 = Release|x86
	EndGlobalSection
	GlobalSection(ProjectConfigurationPlatforms) = postSolution
		{7594C3C1-D83E-405C-9CEA-8B4566D7D445}.Debug|x64.ActiveCfg = Debug|x64
		{7594C3C1-D83E-405C-9CEA-8B4566D7D445}.Debug|x64.Build.0 = Debug|x64
		{7594C3C1-D83E-405C-9CEA-8B4566D7D445}.Debug|x86.ActiveCfg = Debug|Win32
		{7594C3C1-D83E-405C-9CEA-8B4566D7D445}.Debug|x86.Build.0 = Debug|Win32
		{7594C3C1-D83E-405C-9CEA-8B4566D7D445}.Release|x64.ActiveCfg = Release|x64
		{7594C3C1-D83E-405C-9CEA-8B4566D7D445}.Release|x64.Build.0 = Release|x64
		{7594C3C1-D83E-405C-9CEA-8B4566D7D445}.Release|x86.ActiveCfg = Release|Win32
		{7594C3C1-D83E-405C-9CEA-8B4566D7D445}.Release|x86.Build.0 = Release|Win32
	EndGlobalSection
	GlobalSection(SolutionProperties) = preSolution
		HideSolutionNode = FALSE
	EndGlobalSection
	GlobalSection(ExtensibilityGlobals) = postSolution
		SolutionGuid = {654FF560-87C1-4CD8-A2BD-1109F19AE56D}
	EndGlobalSection
EndGlobal
