
Microsoft Visual Studio Solution File, Format Version 12.00
# Visual Studio Version 17
VisualStudioVersion = 17.3.32922.545
MinimumVisualStudioVersion = 10.0.40219.1
Project("{8BC9CEB8-8B4A-11D0-8D11-00A0C91BC942}") = "Task1", "Task1\Task1.vcxproj", "{5240D129-D259-4252-BF7E-45B35ECCA654}"
EndProject
Project("{8BC9CEB8-8B4A-11D0-8D11-00A0C91BC942}") = "Task2", "Task2\Task2.vcxproj", "{B73F08B3-5074-490C-B78B-D90BADBDC7CA}"
EndProject
Project("{8BC9CEB8-8B4A-11D0-8D11-00A0C91BC942}") = "Task3", "Task3\Task3.vcxproj", "{93695AE0-ED01-4F80-B83B-32EC58A0D254}"
EndProject
Project("{8BC9CEB8-8B4A-11D0-8D11-00A0C91BC942}") = "Task4", "Task4\Task4.vcxproj", "{DBF324F8-18A4-4143-B02F-B49CA598F55B}"
EndProject
Project("{8BC9CEB8-8B4A-11D0-8D11-00A0C91BC942}") = "Task5", "Task5\Task5.vcxproj", "{BBB16262-C524-4A2B-8750-5BA87DD3D2BF}"
EndProject
Project("{8BC9CEB8-8B4A-11D0-8D11-00A0C91BC942}") = "Task6", "Task6\Task6.vcxproj", "{E8E6A9C0-C17A-4D06-8A10-4FA05EA96417}"
EndProject
Project("{8BC9CEB8-8B4A-11D0-8D11-00A0C91BC942}") = "Task7", "Task7\Task7.vcxproj", "{572D9D47-AC16-45BF-9D3B-279DCF9D7EE2}"
EndProject
Project("{8BC9CEB8-8B4A-11D0-8D11-00A0C91BC942}") = "Task8", "Task8\Task8.vcxproj", "{3CD543CE-3399-4F29-A680-40A310CDE061}"
EndProject
Project("{8BC9CEB8-8B4A-11D0-8D11-00A0C91BC942}") = "Task9", "Task9\Task9.vcxproj", "{CF6B6441-50A5-4615-B466-E9BA79E9D1B7}"
EndProject
Global
	GlobalSection(SolutionConfigurationPlatforms) = preSolution
		Debug|x64 = Debug|x64
		Debug|x86 = Debug|x86
		Release|x64 = Release|x64
		Release|x86 = Release|x86
	EndGlobalSection
	GlobalSection(ProjectConfigurationPlatforms) = postSolution
		{5240D129-D259-4252-BF7E-45B35ECCA654}.Debug|x64.ActiveCfg = Debug|x64
		{5240D129-D259-4252-BF7E-45B35ECCA654}.Debug|x64.Build.0 = Debug|x64
		{5240D129-D259-4252-BF7E-45B35ECCA654}.Debug|x86.ActiveCfg = Debug|Win32
		{5240D129-D259-4252-BF7E-45B35ECCA654}.Debug|x86.Build.0 = Debug|Win32
		{5240D129-D259-4252-BF7E-45B35ECCA654}.Release|x64.ActiveCfg = Release|x64
		{5240D129-D259-4252-BF7E-45B35ECCA654}.Release|x64.Build.0 = Release|x64
		{5240D129-D259-4252-BF7E-45B35ECCA654}.Release|x86.ActiveCfg = Release|Win32
		{5240D129-D259-4252-BF7E-45B35ECCA654}.Release|x86.Build.0 = Release|Win32
		{B73F08B3-5074-490C-B78B-D90BADBDC7CA}.Debug|x64.ActiveCfg = Debug|x64
		{B73F08B3-5074-490C-B78B-D90BADBDC7CA}.Debug|x64.Build.0 = Debug|x64
		{B73F08B3-5074-490C-B78B-D90BADBDC7CA}.Debug|x86.ActiveCfg = Debug|Win32
		{B73F08B3-5074-490C-B78B-D90BADBDC7CA}.Debug|x86.Build.0 = Debug|Win32
		{B73F08B3-5074-490C-B78B-D90BADBDC7CA}.Release|x64.ActiveCfg = Release|x64
		{B73F08B3-5074-490C-B78B-D90BADBDC7CA}.Release|x64.Build.0 = Release|x64
		{B73F08B3-5074-490C-B78B-D90BADBDC7CA}.Release|x86.ActiveCfg = Release|Win32
		{B73F08B3-5074-490C-B78B-D90BADBDC7CA}.Release|x86.Build.0 = Release|Win32
		{93695AE0-ED01-4F80-B83B-32EC58A0D254}.Debug|x64.ActiveCfg = Debug|x64
		{93695AE0-ED01-4F80-B83B-32EC58A0D254}.Debug|x64.Build.0 = Debug|x64
		{93695AE0-ED01-4F80-B83B-32EC58A0D254}.Debug|x86.ActiveCfg = Debug|Win32
		{93695AE0-ED01-4F80-B83B-32EC58A0D254}.Debug|x86.Build.0 = Debug|Win32
		{93695AE0-ED01-4F80-B83B-32EC58A0D254}.Release|x64.ActiveCfg = Release|x64
		{93695AE0-ED01-4F80-B83B-32EC58A0D254}.Release|x64.Build.0 = Release|x64
		{93695AE0-ED01-4F80-B83B-32EC58A0D254}.Release|x86.ActiveCfg = Release|Win32
		{93695AE0-ED01-4F80-B83B-32EC58A0D254}.Release|x86.Build.0 = Release|Win32
		{DBF324F8-18A4-4143-B02F-B49CA598F55B}.Debug|x64.ActiveCfg = Debug|x64
		{DBF324F8-18A4-4143-B02F-B49CA598F55B}.Debug|x64.Build.0 = Debug|x64
		{DBF324F8-18A4-4143-B02F-B49CA598F55B}.Debug|x86.ActiveCfg = Debug|Win32
		{DBF324F8-18A4-4143-B02F-B49CA598F55B}.Debug|x86.Build.0 = Debug|Win32
		{DBF324F8-18A4-4143-B02F-B49CA598F55B}.Release|x64.ActiveCfg = Release|x64
		{DBF324F8-18A4-4143-B02F-B49CA598F55B}.Release|x64.Build.0 = Release|x64
		{DBF324F8-18A4-4143-B02F-B49CA598F55B}.Release|x86.ActiveCfg = Release|Win32
		{DBF324F8-18A4-4143-B02F-B49CA598F55B}.Release|x86.Build.0 = Release|Win32
		{BBB16262-C524-4A2B-8750-5BA87DD3D2BF}.Debug|x64.ActiveCfg = Debug|x64
		{BBB16262-C524-4A2B-8750-5BA87DD3D2BF}.Debug|x64.Build.0 = Debug|x64
		{BBB16262-C524-4A2B-8750-5BA87DD3D2BF}.Debug|x86.ActiveCfg = Debug|Win32
		{BBB16262-C524-4A2B-8750-5BA87DD3D2BF}.Debug|x86.Build.0 = Debug|Win32
		{BBB16262-C524-4A2B-8750-5BA87DD3D2BF}.Release|x64.ActiveCfg = Release|x64
		{BBB16262-C524-4A2B-8750-5BA87DD3D2BF}.Release|x64.Build.0 = Release|x64
		{BBB16262-C524-4A2B-8750-5BA87DD3D2BF}.Release|x86.ActiveCfg = Release|Win32
		{BBB16262-C524-4A2B-8750-5BA87DD3D2BF}.Release|x86.Build.0 = Release|Win32
		{E8E6A9C0-C17A-4D06-8A10-4FA05EA96417}.Debug|x64.ActiveCfg = Debug|x64
		{E8E6A9C0-C17A-4D06-8A10-4FA05EA96417}.Debug|x64.Build.0 = Debug|x64
		{E8E6A9C0-C17A-4D06-8A10-4FA05EA96417}.Debug|x86.ActiveCfg = Debug|Win32
		{E8E6A9C0-C17A-4D06-8A10-4FA05EA96417}.Debug|x86.Build.0 = Debug|Win32
		{E8E6A9C0-C17A-4D06-8A10-4FA05EA96417}.Release|x64.ActiveCfg = Release|x64
		{E8E6A9C0-C17A-4D06-8A10-4FA05EA96417}.Release|x64.Build.0 = Release|x64
		{E8E6A9C0-C17A-4D06-8A10-4FA05EA96417}.Release|x86.ActiveCfg = Release|Win32
		{E8E6A9C0-C17A-4D06-8A10-4FA05EA96417}.Release|x86.Build.0 = Release|Win32
		{572D9D47-AC16-45BF-9D3B-279DCF9D7EE2}.Debug|x64.ActiveCfg = Debug|x64
		{572D9D47-AC16-45BF-9D3B-279DCF9D7EE2}.Debug|x64.Build.0 = Debug|x64
		{572D9D47-AC16-45BF-9D3B-279DCF9D7EE2}.Debug|x86.ActiveCfg = Debug|Win32
		{572D9D47-AC16-45BF-9D3B-279DCF9D7EE2}.Debug|x86.Build.0 = Debug|Win32
		{572D9D47-AC16-45BF-9D3B-279DCF9D7EE2}.Release|x64.ActiveCfg = Release|x64
		{572D9D47-AC16-45BF-9D3B-279DCF9D7EE2}.Release|x64.Build.0 = Release|x64
		{572D9D47-AC16-45BF-9D3B-279DCF9D7EE2}.Release|x86.ActiveCfg = Release|Win32
		{572D9D47-AC16-45BF-9D3B-279DCF9D7EE2}.Release|x86.Build.0 = Release|Win32
		{3CD543CE-3399-4F29-A680-40A310CDE061}.Debug|x64.ActiveCfg = Debug|x64
		{3CD543CE-3399-4F29-A680-40A310CDE061}.Debug|x64.Build.0 = Debug|x64
		{3CD543CE-3399-4F29-A680-40A310CDE061}.Debug|x86.ActiveCfg = Debug|Win32
		{3CD543CE-3399-4F29-A680-40A310CDE061}.Debug|x86.Build.0 = Debug|Win32
		{3CD543CE-3399-4F29-A680-40A310CDE061}.Release|x64.ActiveCfg = Release|x64
		{3CD543CE-3399-4F29-A680-40A310CDE061}.Release|x64.Build.0 = Release|x64
		{3CD543CE-3399-4F29-A680-40A310CDE061}.Release|x86.ActiveCfg = Release|Win32
		{3CD543CE-3399-4F29-A680-40A310CDE061}.Release|x86.Build.0 = Release|Win32
		{CF6B6441-50A5-4615-B466-E9BA79E9D1B7}.Debug|x64.ActiveCfg = Debug|x64
		{CF6B6441-50A5-4615-B466-E9BA79E9D1B7}.Debug|x64.Build.0 = Debug|x64
		{CF6B6441-50A5-4615-B466-E9BA79E9D1B7}.Debug|x86.ActiveCfg = Debug|Win32
		{CF6B6441-50A5-4615-B466-E9BA79E9D1B7}.Debug|x86.Build.0 = Debug|Win32
		{CF6B6441-50A5-4615-B466-E9BA79E9D1B7}.Release|x64.ActiveCfg = Release|x64
		{CF6B6441-50A5-4615-B466-E9BA79E9D1B7}.Release|x64.Build.0 = Release|x64
		{CF6B6441-50A5-4615-B466-E9BA79E9D1B7}.Release|x86.ActiveCfg = Release|Win32
		{CF6B6441-50A5-4615-B466-E9BA79E9D1B7}.Release|x86.Build.0 = Release|Win32
	EndGlobalSection
	GlobalSection(SolutionProperties) = preSolution
		HideSolutionNode = FALSE
	EndGlobalSection
	GlobalSection(ExtensibilityGlobals) = postSolution
		SolutionGuid = {C32FFD9E-44CF-4437-B4D0-1555F73D6ED5}
	EndGlobalSection
EndGlobal
