
Microsoft Visual Studio Solution File, Format Version 12.00
# Visual Studio Version 17
VisualStudioVersion = 17.3.32922.545
MinimumVisualStudioVersion = 10.0.40219.1
Project("{8BC9CEB8-8B4A-11D0-8D11-00A0C91BC942}") = "Task1", "Task1\Task1.vcxproj", "{8EAE5A62-6917-4AF3-8837-E421DD31DF06}"
EndProject
Project("{8BC9CEB8-8B4A-11D0-8D11-00A0C91BC942}") = "Task2", "Task2\Task2.vcxproj", "{8C6FABB2-8447-400B-90DB-D1CA11702B55}"
EndProject
Project("{8BC9CEB8-8B4A-11D0-8D11-00A0C91BC942}") = "Task3", "Task3\Task3.vcxproj", "{21896D49-C511-4155-B0B4-D7E2237693C7}"
EndProject
Project("{8BC9CEB8-8B4A-11D0-8D11-00A0C91BC942}") = "Task1(2)", "Task1(2)\Task1(2).vcxproj", "{D8DCC865-E0DC-4A86-9787-E0D918A9D412}"
EndProject
Global
	GlobalSection(SolutionConfigurationPlatforms) = preSolution
		Debug|x64 = Debug|x64
		Debug|x86 = Debug|x86
		Release|x64 = Release|x64
		Release|x86 = Release|x86
	EndGlobalSection
	GlobalSection(ProjectConfigurationPlatforms) = postSolution
		{8EAE5A62-6917-4AF3-8837-E421DD31DF06}.Debug|x64.ActiveCfg = Debug|x64
		{8EAE5A62-6917-4AF3-8837-E421DD31DF06}.Debug|x64.Build.0 = Debug|x64
		{8EAE5A62-6917-4AF3-8837-E421DD31DF06}.Debug|x86.ActiveCfg = Debug|Win32
		{8EAE5A62-6917-4AF3-8837-E421DD31DF06}.Debug|x86.Build.0 = Debug|Win32
		{8EAE5A62-6917-4AF3-8837-E421DD31DF06}.Release|x64.ActiveCfg = Release|x64
		{8EAE5A62-6917-4AF3-8837-E421DD31DF06}.Release|x64.Build.0 = Release|x64
		{8EAE5A62-6917-4AF3-8837-E421DD31DF06}.Release|x86.ActiveCfg = Release|Win32
		{8EAE5A62-6917-4AF3-8837-E421DD31DF06}.Release|x86.Build.0 = Release|Win32
		{8C6FABB2-8447-400B-90DB-D1CA11702B55}.Debug|x64.ActiveCfg = Debug|x64
		{8C6FABB2-8447-400B-90DB-D1CA11702B55}.Debug|x64.Build.0 = Debug|x64
		{8C6FABB2-8447-400B-90DB-D1CA11702B55}.Debug|x86.ActiveCfg = Debug|Win32
		{8C6FABB2-8447-400B-90DB-D1CA11702B55}.Debug|x86.Build.0 = Debug|Win32
		{8C6FABB2-8447-400B-90DB-D1CA11702B55}.Release|x64.ActiveCfg = Release|x64
		{8C6FABB2-8447-400B-90DB-D1CA11702B55}.Release|x64.Build.0 = Release|x64
		{8C6FABB2-8447-400B-90DB-D1CA11702B55}.Release|x86.ActiveCfg = Release|Win32
		{8C6FABB2-8447-400B-90DB-D1CA11702B55}.Release|x86.Build.0 = Release|Win32
		{21896D49-C511-4155-B0B4-D7E2237693C7}.Debug|x64.ActiveCfg = Debug|x64
		{21896D49-C511-4155-B0B4-D7E2237693C7}.Debug|x64.Build.0 = Debug|x64
		{21896D49-C511-4155-B0B4-D7E2237693C7}.Debug|x86.ActiveCfg = Debug|Win32
		{21896D49-C511-4155-B0B4-D7E2237693C7}.Debug|x86.Build.0 = Debug|Win32
		{21896D49-C511-4155-B0B4-D7E2237693C7}.Release|x64.ActiveCfg = Release|x64
		{21896D49-C511-4155-B0B4-D7E2237693C7}.Release|x64.Build.0 = Release|x64
		{21896D49-C511-4155-B0B4-D7E2237693C7}.Release|x86.ActiveCfg = Release|Win32
		{21896D49-C511-4155-B0B4-D7E2237693C7}.Release|x86.Build.0 = Release|Win32
		{D8DCC865-E0DC-4A86-9787-E0D918A9D412}.Debug|x64.ActiveCfg = Debug|x64
		{D8DCC865-E0DC-4A86-9787-E0D918A9D412}.Debug|x64.Build.0 = Debug|x64
		{D8DCC865-E0DC-4A86-9787-E0D918A9D412}.Debug|x86.ActiveCfg = Debug|Win32
		{D8DCC865-E0DC-4A86-9787-E0D918A9D412}.Debug|x86.Build.0 = Debug|Win32
		{D8DCC865-E0DC-4A86-9787-E0D918A9D412}.Release|x64.ActiveCfg = Release|x64
		{D8DCC865-E0DC-4A86-9787-E0D918A9D412}.Release|x64.Build.0 = Release|x64
		{D8DCC865-E0DC-4A86-9787-E0D918A9D412}.Release|x86.ActiveCfg = Release|Win32
		{D8DCC865-E0DC-4A86-9787-E0D918A9D412}.Release|x86.Build.0 = Release|Win32
	EndGlobalSection
	GlobalSection(SolutionProperties) = preSolution
		HideSolutionNode = FALSE
	EndGlobalSection
	GlobalSection(ExtensibilityGlobals) = postSolution
		SolutionGuid = {7E9C819E-1266-43D5-B355-3AB688E5E380}
	EndGlobalSection
EndGlobal
