
Microsoft Visual Studio Solution File, Format Version 12.00
# Visual Studio Version 17
VisualStudioVersion = 17.3.32922.545
MinimumVisualStudioVersion = 10.0.40219.1
Project("{8BC9CEB8-8B4A-11D0-8D11-00A0C91BC942}") = "Task1", "Task1\Task1.vcxproj", "{E5A32E13-1C45-4838-ABAA-1B57FF6ADB02}"
EndProject
Project("{8BC9CEB8-8B4A-11D0-8D11-00A0C91BC942}") = "Task2", "Task2\Task2.vcxproj", "{EC56710D-F79F-440B-9065-54B4D5665015}"
EndProject
Project("{8BC9CEB8-8B4A-11D0-8D11-00A0C91BC942}") = "Task3", "Task3\Task3.vcxproj", "{FBC4ACC2-BDD0-442A-98C7-660394FF1DBA}"
EndProject
Project("{8BC9CEB8-8B4A-11D0-8D11-00A0C91BC942}") = "Task4", "Task4\Task4.vcxproj", "{D5F7E535-F231-43E2-8343-0F95AC3D0135}"
EndProject
Project("{8BC9CEB8-8B4A-11D0-8D11-00A0C91BC942}") = "Task5", "Task5\Task5.vcxproj", "{F046C4C9-3198-49A8-A809-B786FA42744E}"
EndProject
Project("{8BC9CEB8-8B4A-11D0-8D11-00A0C91BC942}") = "Task6", "Task6\Task6.vcxproj", "{4D626202-F6B3-46C3-8CFE-6A8485567AAB}"
EndProject
Project("{8BC9CEB8-8B4A-11D0-8D11-00A0C91BC942}") = "Task7", "Task7\Task7.vcxproj", "{07EA6ACB-0274-43D8-A9D6-38144FD8A98D}"
EndProject
Project("{8BC9CEB8-8B4A-11D0-8D11-00A0C91BC942}") = "Task8", "Task8\Task8.vcxproj", "{B034B6E2-5838-4A52-997E-E1EFC7B7BF81}"
EndProject
Project("{8BC9CEB8-8B4A-11D0-8D11-00A0C91BC942}") = "Task9", "Task9\Task9.vcxproj", "{AC2B878C-5FD3-41E8-BBF9-A3C5F3A93A26}"
EndProject
Project("{8BC9CEB8-8B4A-11D0-8D11-00A0C91BC942}") = "Task10", "Task10\Task10.vcxproj", "{859C3CDE-DB51-43F6-A4CA-038EC795BD85}"
EndProject
Global
	GlobalSection(SolutionConfigurationPlatforms) = preSolution
		Debug|x64 = Debug|x64
		Debug|x86 = Debug|x86
		Release|x64 = Release|x64
		Release|x86 = Release|x86
	EndGlobalSection
	GlobalSection(ProjectConfigurationPlatforms) = postSolution
		{E5A32E13-1C45-4838-ABAA-1B57FF6ADB02}.Debug|x64.ActiveCfg = Debug|x64
		{E5A32E13-1C45-4838-ABAA-1B57FF6ADB02}.Debug|x64.Build.0 = Debug|x64
		{E5A32E13-1C45-4838-ABAA-1B57FF6ADB02}.Debug|x86.ActiveCfg = Debug|Win32
		{E5A32E13-1C45-4838-ABAA-1B57FF6ADB02}.Debug|x86.Build.0 = Debug|Win32
		{E5A32E13-1C45-4838-ABAA-1B57FF6ADB02}.Release|x64.ActiveCfg = Release|x64
		{E5A32E13-1C45-4838-ABAA-1B57FF6ADB02}.Release|x64.Build.0 = Release|x64
		{E5A32E13-1C45-4838-ABAA-1B57FF6ADB02}.Release|x86.ActiveCfg = Release|Win32
		{E5A32E13-1C45-4838-ABAA-1B57FF6ADB02}.Release|x86.Build.0 = Release|Win32
		{EC56710D-F79F-440B-9065-54B4D5665015}.Debug|x64.ActiveCfg = Debug|x64
		{EC56710D-F79F-440B-9065-54B4D5665015}.Debug|x64.Build.0 = Debug|x64
		{EC56710D-F79F-440B-9065-54B4D5665015}.Debug|x86.ActiveCfg = Debug|Win32
		{EC56710D-F79F-440B-9065-54B4D5665015}.Debug|x86.Build.0 = Debug|Win32
		{EC56710D-F79F-440B-9065-54B4D5665015}.Release|x64.ActiveCfg = Release|x64
		{EC56710D-F79F-440B-9065-54B4D5665015}.Release|x64.Build.0 = Release|x64
		{EC56710D-F79F-440B-9065-54B4D5665015}.Release|x86.ActiveCfg = Release|Win32
		{EC56710D-F79F-440B-9065-54B4D5665015}.Release|x86.Build.0 = Release|Win32
		{FBC4ACC2-BDD0-442A-98C7-660394FF1DBA}.Debug|x64.ActiveCfg = Debug|x64
		{FBC4ACC2-BDD0-442A-98C7-660394FF1DBA}.Debug|x64.Build.0 = Debug|x64
		{FBC4ACC2-BDD0-442A-98C7-660394FF1DBA}.Debug|x86.ActiveCfg = Debug|Win32
		{FBC4ACC2-BDD0-442A-98C7-660394FF1DBA}.Debug|x86.Build.0 = Debug|Win32
		{FBC4ACC2-BDD0-442A-98C7-660394FF1DBA}.Release|x64.ActiveCfg = Release|x64
		{FBC4ACC2-BDD0-442A-98C7-660394FF1DBA}.Release|x64.Build.0 = Release|x64
		{FBC4ACC2-BDD0-442A-98C7-660394FF1DBA}.Release|x86.ActiveCfg = Release|Win32
		{FBC4ACC2-BDD0-442A-98C7-660394FF1DBA}.Release|x86.Build.0 = Release|Win32
		{D5F7E535-F231-43E2-8343-0F95AC3D0135}.Debug|x64.ActiveCfg = Debug|x64
		{D5F7E535-F231-43E2-8343-0F95AC3D0135}.Debug|x64.Build.0 = Debug|x64
		{D5F7E535-F231-43E2-8343-0F95AC3D0135}.Debug|x86.ActiveCfg = Debug|Win32
		{D5F7E535-F231-43E2-8343-0F95AC3D0135}.Debug|x86.Build.0 = Debug|Win32
		{D5F7E535-F231-43E2-8343-0F95AC3D0135}.Release|x64.ActiveCfg = Release|x64
		{D5F7E535-F231-43E2-8343-0F95AC3D0135}.Release|x64.Build.0 = Release|x64
		{D5F7E535-F231-43E2-8343-0F95AC3D0135}.Release|x86.ActiveCfg = Release|Win32
		{D5F7E535-F231-43E2-8343-0F95AC3D0135}.Release|x86.Build.0 = Release|Win32
		{F046C4C9-3198-49A8-A809-B786FA42744E}.Debug|x64.ActiveCfg = Debug|x64
		{F046C4C9-3198-49A8-A809-B786FA42744E}.Debug|x64.Build.0 = Debug|x64
		{F046C4C9-3198-49A8-A809-B786FA42744E}.Debug|x86.ActiveCfg = Debug|Win32
		{F046C4C9-3198-49A8-A809-B786FA42744E}.Debug|x86.Build.0 = Debug|Win32
		{F046C4C9-3198-49A8-A809-B786FA42744E}.Release|x64.ActiveCfg = Release|x64
		{F046C4C9-3198-49A8-A809-B786FA42744E}.Release|x64.Build.0 = Release|x64
		{F046C4C9-3198-49A8-A809-B786FA42744E}.Release|x86.ActiveCfg = Release|Win32
		{F046C4C9-3198-49A8-A809-B786FA42744E}.Release|x86.Build.0 = Release|Win32
		{4D626202-F6B3-46C3-8CFE-6A8485567AAB}.Debug|x64.ActiveCfg = Debug|x64
		{4D626202-F6B3-46C3-8CFE-6A8485567AAB}.Debug|x64.Build.0 = Debug|x64
		{4D626202-F6B3-46C3-8CFE-6A8485567AAB}.Debug|x86.ActiveCfg = Debug|Win32
		{4D626202-F6B3-46C3-8CFE-6A8485567AAB}.Debug|x86.Build.0 = Debug|Win32
		{4D626202-F6B3-46C3-8CFE-6A8485567AAB}.Release|x64.ActiveCfg = Release|x64
		{4D626202-F6B3-46C3-8CFE-6A8485567AAB}.Release|x64.Build.0 = Release|x64
		{4D626202-F6B3-46C3-8CFE-6A8485567AAB}.Release|x86.ActiveCfg = Release|Win32
		{4D626202-F6B3-46C3-8CFE-6A8485567AAB}.Release|x86.Build.0 = Release|Win32
		{07EA6ACB-0274-43D8-A9D6-38144FD8A98D}.Debug|x64.ActiveCfg = Debug|x64
		{07EA6ACB-0274-43D8-A9D6-38144FD8A98D}.Debug|x64.Build.0 = Debug|x64
		{07EA6ACB-0274-43D8-A9D6-38144FD8A98D}.Debug|x86.ActiveCfg = Debug|Win32
		{07EA6ACB-0274-43D8-A9D6-38144FD8A98D}.Debug|x86.Build.0 = Debug|Win32
		{07EA6ACB-0274-43D8-A9D6-38144FD8A98D}.Release|x64.ActiveCfg = Release|x64
		{07EA6ACB-0274-43D8-A9D6-38144FD8A98D}.Release|x64.Build.0 = Release|x64
		{07EA6ACB-0274-43D8-A9D6-38144FD8A98D}.Release|x86.ActiveCfg = Release|Win32
		{07EA6ACB-0274-43D8-A9D6-38144FD8A98D}.Release|x86.Build.0 = Release|Win32
		{B034B6E2-5838-4A52-997E-E1EFC7B7BF81}.Debug|x64.ActiveCfg = Debug|x64
		{B034B6E2-5838-4A52-997E-E1EFC7B7BF81}.Debug|x64.Build.0 = Debug|x64
		{B034B6E2-5838-4A52-997E-E1EFC7B7BF81}.Debug|x86.ActiveCfg = Debug|Win32
		{B034B6E2-5838-4A52-997E-E1EFC7B7BF81}.Debug|x86.Build.0 = Debug|Win32
		{B034B6E2-5838-4A52-997E-E1EFC7B7BF81}.Release|x64.ActiveCfg = Release|x64
		{B034B6E2-5838-4A52-997E-E1EFC7B7BF81}.Release|x64.Build.0 = Release|x64
		{B034B6E2-5838-4A52-997E-E1EFC7B7BF81}.Release|x86.ActiveCfg = Release|Win32
		{B034B6E2-5838-4A52-997E-E1EFC7B7BF81}.Release|x86.Build.0 = Release|Win32
		{AC2B878C-5FD3-41E8-BBF9-A3C5F3A93A26}.Debug|x64.ActiveCfg = Debug|x64
		{AC2B878C-5FD3-41E8-BBF9-A3C5F3A93A26}.Debug|x64.Build.0 = Debug|x64
		{AC2B878C-5FD3-41E8-BBF9-A3C5F3A93A26}.Debug|x86.ActiveCfg = Debug|Win32
		{AC2B878C-5FD3-41E8-BBF9-A3C5F3A93A26}.Debug|x86.Build.0 = Debug|Win32
		{AC2B878C-5FD3-41E8-BBF9-A3C5F3A93A26}.Release|x64.ActiveCfg = Release|x64
		{AC2B878C-5FD3-41E8-BBF9-A3C5F3A93A26}.Release|x64.Build.0 = Release|x64
		{AC2B878C-5FD3-41E8-BBF9-A3C5F3A93A26}.Release|x86.ActiveCfg = Release|Win32
		{AC2B878C-5FD3-41E8-BBF9-A3C5F3A93A26}.Release|x86.Build.0 = Release|Win32
		{859C3CDE-DB51-43F6-A4CA-038EC795BD85}.Debug|x64.ActiveCfg = Debug|x64
		{859C3CDE-DB51-43F6-A4CA-038EC795BD85}.Debug|x64.Build.0 = Debug|x64
		{859C3CDE-DB51-43F6-A4CA-038EC795BD85}.Debug|x86.ActiveCfg = Debug|Win32
		{859C3CDE-DB51-43F6-A4CA-038EC795BD85}.Debug|x86.Build.0 = Debug|Win32
		{859C3CDE-DB51-43F6-A4CA-038EC795BD85}.Release|x64.ActiveCfg = Release|x64
		{859C3CDE-DB51-43F6-A4CA-038EC795BD85}.Release|x64.Build.0 = Release|x64
		{859C3CDE-DB51-43F6-A4CA-038EC795BD85}.Release|x86.ActiveCfg = Release|Win32
		{859C3CDE-DB51-43F6-A4CA-038EC795BD85}.Release|x86.Build.0 = Release|Win32
	EndGlobalSection
	GlobalSection(SolutionProperties) = preSolution
		HideSolutionNode = FALSE
	EndGlobalSection
	GlobalSection(ExtensibilityGlobals) = postSolution
		SolutionGuid = {C3053B5E-EC67-46BA-A7DE-C5ABCEE8B37C}
	EndGlobalSection
EndGlobal
